
Microsoft Visual Studio Solution File, Format Version 12.00
# Visual Studio 15
VisualStudioVersion = 15.0.26124.0
MinimumVisualStudioVersion = 15.0.26124.0
Project("{2150E333-8FDC-42A3-9474-1A3956D46DE8}") = "src", "src", "{B1ED1239-6E6A-46B4-B0B2-90CDEED131F4}"
EndProject
Project("{FAE04EC0-301F-11D3-BF4B-00C04F79EFBC}") = "GradeBook", "src\GradeBook\GradeBook.csproj", "{065F1792-8D9C-4552-84D8-7971928C8EE9}"
EndProject
Project("{2150E333-8FDC-42A3-9474-1A3956D46DE8}") = "test", "test", "{269C1101-96F4-4D8D-9E4F-C767EF430829}"
EndProject
Project("{FAE04EC0-301F-11D3-BF4B-00C04F79EFBC}") = "GradeBook.Tests", "test\GradeBook.Tests\GradeBook.Tests.csproj", "{487FD6F9-3CF2-4E7E-8A26-D12D90A272EB}"
EndProject
Global
	GlobalSection(SolutionConfigurationPlatforms) = preSolution
		Debug|Any CPU = Debug|Any CPU
		Debug|x64 = Debug|x64
		Debug|x86 = Debug|x86
		Release|Any CPU = Release|Any CPU
		Release|x64 = Release|x64
		Release|x86 = Release|x86
	EndGlobalSection
	GlobalSection(SolutionProperties) = preSolution
		HideSolutionNode = FALSE
	EndGlobalSection
	GlobalSection(ProjectConfigurationPlatforms) = postSolution
		{065F1792-8D9C-4552-84D8-7971928C8EE9}.Debug|Any CPU.ActiveCfg = Debug|Any CPU
		{065F1792-8D9C-4552-84D8-7971928C8EE9}.Debug|Any CPU.Build.0 = Debug|Any CPU
		{065F1792-8D9C-4552-84D8-7971928C8EE9}.Debug|x64.ActiveCfg = Debug|Any CPU
		{065F1792-8D9C-4552-84D8-7971928C8EE9}.Debug|x64.Build.0 = Debug|Any CPU
		{065F1792-8D9C-4552-84D8-7971928C8EE9}.Debug|x86.ActiveCfg = Debug|Any CPU
		{065F1792-8D9C-4552-84D8-7971928C8EE9}.Debug|x86.Build.0 = Debug|Any CPU
		{065F1792-8D9C-4552-84D8-7971928C8EE9}.Release|Any CPU.ActiveCfg = Release|Any CPU
		{065F1792-8D9C-4552-84D8-7971928C8EE9}.Release|Any CPU.Build.0 = Release|Any CPU
		{065F1792-8D9C-4552-84D8-7971928C8EE9}.Release|x64.ActiveCfg = Release|Any CPU
		{065F1792-8D9C-4552-84D8-7971928C8EE9}.Release|x64.Build.0 = Release|Any CPU
		{065F1792-8D9C-4552-84D8-7971928C8EE9}.Release|x86.ActiveCfg = Release|Any CPU
		{065F1792-8D9C-4552-84D8-7971928C8EE9}.Release|x86.Build.0 = Release|Any CPU
		{487FD6F9-3CF2-4E7E-8A26-D12D90A272EB}.Debug|Any CPU.ActiveCfg = Debug|Any CPU
		{487FD6F9-3CF2-4E7E-8A26-D12D90A272EB}.Debug|Any CPU.Build.0 = Debug|Any CPU
		{487FD6F9-3CF2-4E7E-8A26-D12D90A272EB}.Debug|x64.ActiveCfg = Debug|Any CPU
		{487FD6F9-3CF2-4E7E-8A26-D12D90A272EB}.Debug|x64.Build.0 = Debug|Any CPU
		{487FD6F9-3CF2-4E7E-8A26-D12D90A272EB}.Debug|x86.ActiveCfg = Debug|Any CPU
		{487FD6F9-3CF2-4E7E-8A26-D12D90A272EB}.Debug|x86.Build.0 = Debug|Any CPU
		{487FD6F9-3CF2-4E7E-8A26-D12D90A272EB}.Release|Any CPU.ActiveCfg = Release|Any CPU
		{487FD6F9-3CF2-4E7E-8A26-D12D90A272EB}.Release|Any CPU.Build.0 = Release|Any CPU
		{487FD6F9-3CF2-4E7E-8A26-D12D90A272EB}.Release|x64.ActiveCfg = Release|Any CPU
		{487FD6F9-3CF2-4E7E-8A26-D12D90A272EB}.Release|x64.Build.0 = Release|Any CPU
		{487FD6F9-3CF2-4E7E-8A26-D12D90A272EB}.Release|x86.ActiveCfg = Release|Any CPU
		{487FD6F9-3CF2-4E7E-8A26-D12D90A272EB}.Release|x86.Build.0 = Release|Any CPU
	EndGlobalSection
	GlobalSection(NestedProjects) = preSolution
		{065F1792-8D9C-4552-84D8-7971928C8EE9} = {B1ED1239-6E6A-46B4-B0B2-90CDEED131F4}
		{487FD6F9-3CF2-4E7E-8A26-D12D90A272EB} = {269C1101-96F4-4D8D-9E4F-C767EF430829}
	EndGlobalSection
EndGlobal
